// !$*UTF8*$!
{
	archiveVersion = 1;
	classes = {
	};
	objectVersion = 46;
	objects = {

/* Begin PBXBuildFile section */
		F6095EB91F0F0EB2004C8FB7 /* Town.swift in Sources */ = {isa = PBXBuildFile; fileRef = F6095EB81F0F0EB2004C8FB7 /* Town.swift */; };
		F6095EBB1F0FC383004C8FB7 /* monster.swift in Sources */ = {isa = PBXBuildFile; fileRef = F6095EBA1F0FC383004C8FB7 /* monster.swift */; };
		F6095EBD1F0FDFF5004C8FB7 /* zombie.swift in Sources */ = {isa = PBXBuildFile; fileRef = F6095EBC1F0FDFF5004C8FB7 /* zombie.swift */; };
		F6095EC11F0FF346004C8FB7 /* vampire.swift in Sources */ = {isa = PBXBuildFile; fileRef = F6095EC01F0FF346004C8FB7 /* vampire.swift */; };
		F68A0F6D1F0E9A2900629BC2 /* main.swift in Sources */ = {isa = PBXBuildFile; fileRef = F68A0F6C1F0E9A2900629BC2 /* main.swift */; };
/* End PBXBuildFile section */

/* Begin PBXCopyFilesBuildPhase section */
		F68A0F671F0E9A2900629BC2 /* CopyFiles */ = {
			isa = PBXCopyFilesBuildPhase;
			buildActionMask = 2147483647;
			dstPath = /usr/share/man/man1/;
			dstSubfolderSpec = 0;
			files = (
			);
			runOnlyForDeploymentPostprocessing = 1;
		};
/* End PBXCopyFilesBuildPhase section */

/* Begin PBXFileReference section */
		F6095EB81F0F0EB2004C8FB7 /* Town.swift */ = {isa = PBXFileReference; fileEncoding = 4; lastKnownFileType = sourcecode.swift; path = Town.swift; sourceTree = "<group>"; };
		F6095EBA1F0FC383004C8FB7 /* monster.swift */ = {isa = PBXFileReference; fileEncoding = 4; lastKnownFileType = sourcecode.swift; path = monster.swift; sourceTree = "<group>"; };
		F6095EBC1F0FDFF5004C8FB7 /* zombie.swift */ = {isa = PBXFileReference; fileEncoding = 4; lastKnownFileType = sourcecode.swift; path = zombie.swift; sourceTree = "<group>"; };
		F6095EC01F0FF346004C8FB7 /* vampire.swift */ = {isa = PBXFileReference; fileEncoding = 4; lastKnownFileType = sourcecode.swift; path = vampire.swift; sourceTree = "<group>"; };
		F68A0F691F0E9A2900629BC2 /* MonsterTown */ = {isa = PBXFileReference; explicitFileType = "compiled.mach-o.executable"; includeInIndex = 0; path = MonsterTown; sourceTree = BUILT_PRODUCTS_DIR; };
		F68A0F6C1F0E9A2900629BC2 /* main.swift */ = {isa = PBXFileReference; lastKnownFileType = sourcecode.swift; path = main.swift; sourceTree = "<group>"; };
/* End PBXFileReference section */

/* Begin PBXFrameworksBuildPhase section */
		F68A0F661F0E9A2900629BC2 /* Frameworks */ = {
			isa = PBXFrameworksBuildPhase;
			buildActionMask = 2147483647;
			files = (
			);
			runOnlyForDeploymentPostprocessing = 0;
		};
/* End PBXFrameworksBuildPhase section */

/* Begin PBXGroup section */
		F68A0F601F0E9A2900629BC2 = {
			isa = PBXGroup;
			children = (
				F68A0F6B1F0E9A2900629BC2 /* MonsterTown */,
				F68A0F6A1F0E9A2900629BC2 /* Products */,
			);
			sourceTree = "<group>";
		};
		F68A0F6A1F0E9A2900629BC2 /* Products */ = {
			isa = PBXGroup;
			children = (
				F68A0F691F0E9A2900629BC2 /* MonsterTown */,
			);
			name = Products;
			sourceTree = "<group>";
		};
		F68A0F6B1F0E9A2900629BC2 /* MonsterTown */ = {
			isa = PBXGroup;
			children = (
				F68A0F6C1F0E9A2900629BC2 /* main.swift */,
				F6095EC01F0FF346004C8FB7 /* vampire.swift */,
				F6095EBC1F0FDFF5004C8FB7 /* zombie.swift */,
				F6095EBA1F0FC383004C8FB7 /* monster.swift */,
				F6095EB81F0F0EB2004C8FB7 /* Town.swift */,
			);
			path = MonsterTown;
			sourceTree = "<group>";
		};
/* End PBXGroup section */

/* Begin PBXNativeTarget section */
		F68A0F681F0E9A2900629BC2 /* MonsterTown */ = {
			isa = PBXNativeTarget;
			buildConfigurationList = F68A0F701F0E9A2900629BC2 /* Build configuration list for PBXNativeTarget "MonsterTown" */;
			buildPhases = (
				F68A0F651F0E9A2900629BC2 /* Sources */,
				F68A0F661F0E9A2900629BC2 /* Frameworks */,
				F68A0F671F0E9A2900629BC2 /* CopyFiles */,
			);
			buildRules = (
			);
			dependencies = (
			);
			name = MonsterTown;
			productName = MonsterTown;
			productReference = F68A0F691F0E9A2900629BC2 /* MonsterTown */;
			productType = "com.apple.product-type.tool";
		};
/* End PBXNativeTarget section */

/* Begin PBXProject section */
		F68A0F611F0E9A2900629BC2 /* Project object */ = {
			isa = PBXProject;
			attributes = {
				LastSwiftUpdateCheck = 0820;
				LastUpgradeCheck = 0820;
				ORGANIZATIONNAME = "Chris Mauldin";
				TargetAttributes = {
					F68A0F681F0E9A2900629BC2 = {
						CreatedOnToolsVersion = 8.2.1;
						ProvisioningStyle = Automatic;
					};
				};
			};
			buildConfigurationList = F68A0F641F0E9A2900629BC2 /* Build configuration list for PBXProject "MonsterTown" */;
			compatibilityVersion = "Xcode 3.2";
			developmentRegion = English;
			hasScannedForEncodings = 0;
			knownRegions = (
				en,
			);
			mainGroup = F68A0F601F0E9A2900629BC2;
			productRefGroup = F68A0F6A1F0E9A2900629BC2 /* Products */;
			projectDirPath = "";
			projectRoot = "";
			targets = (
				F68A0F681F0E9A2900629BC2 /* MonsterTown */,
			);
		};
/* End PBXProject section */

/* Begin PBXSourcesBuildPhase section */
		F68A0F651F0E9A2900629BC2 /* Sources */ = {
			isa = PBXSourcesBuildPhase;
			buildActionMask = 2147483647;
			files = (
				F6095EC11F0FF346004C8FB7 /* vampire.swift in Sources */,
				F6095EBB1F0FC383004C8FB7 /* monster.swift in Sources */,
				F6095EBD1F0FDFF5004C8FB7 /* zombie.swift in Sources */,
				F68A0F6D1F0E9A2900629BC2 /* main.swift in Sources */,
				F6095EB91F0F0EB2004C8FB7 /* Town.swift in Sources */,
			);
			runOnlyForDeploymentPostprocessing = 0;
		};
/* End PBXSourcesBuildPhase section */

/* Begin XCBuildConfiguration section */
		F68A0F6E1F0E9A2900629BC2 /* Debug */ = {
			isa = XCBuildConfiguration;
			buildSettings = {
				ALWAYS_SEARCH_USER_PATHS = NO;
				CLANG_ANALYZER_NONNULL = YES;
				CLANG_CXX_LANGUAGE_STANDARD = "gnu++0x";
				CLANG_CXX_LIBRARY = "libc++";
				CLANG_ENABLE_MODULES = YES;
				CLANG_ENABLE_OBJC_ARC = YES;
				CLANG_WARN_BOOL_CONVERSION = YES;
				CLANG_WARN_CONSTANT_CONVERSION = YES;
				CLANG_WARN_DIRECT_OBJC_ISA_USAGE = YES_ERROR;
				CLANG_WARN_DOCUMENTATION_COMMENTS = YES;
				CLANG_WARN_EMPTY_BODY = YES;
				CLANG_WARN_ENUM_CONVERSION = YES;
				CLANG_WARN_INFINITE_RECURSION = YES;
				CLANG_WARN_INT_CONVERSION = YES;
				CLANG_WARN_OBJC_ROOT_CLASS = YES_ERROR;
				CLANG_WARN_SUSPICIOUS_MOVE = YES;
				CLANG_WARN_UNREACHABLE_CODE = YES;
				CLANG_WARN__DUPLICATE_METHOD_MATCH = YES;
				CODE_SIGN_IDENTITY = "-";
				COPY_PHASE_STRIP = NO;
				DEBUG_INFORMATION_FORMAT = dwarf;
				ENABLE_STRICT_OBJC_MSGSEND = YES;
				ENABLE_TESTABILITY = YES;
				GCC_C_LANGUAGE_STANDARD = gnu99;
				GCC_DYNAMIC_NO_PIC = NO;
				GCC_NO_COMMON_BLOCKS = YES;
				GCC_OPTIMIZATION_LEVEL = 0;
				GCC_PREPROCESSOR_DEFINITIONS = (
					"DEBUG=1",
					"$(inherited)",
				);
				GCC_WARN_64_TO_32_BIT_CONVERSION = YES;
				GCC_WARN_ABOUT_RETURN_TYPE = YES_ERROR;
				GCC_WARN_UNDECLARED_SELECTOR = YES;
				GCC_WARN_UNINITIALIZED_AUTOS = YES_AGGRESSIVE;
				GCC_WARN_UNUSED_FUNCTION = YES;
				GCC_WARN_UNUSED_VARIABLE = YES;
				MACOSX_DEPLOYMENT_TARGET = 10.12;
				MTL_ENABLE_DEBUG_INFO = YES;
				ONLY_ACTIVE_ARCH = YES;
				SDKROOT = macosx;
				SWIFT_OPTIMIZATION_LEVEL = "-Onone";
			};
			name = Debug;
		};
		F68A0F6F1F0E9A2900629BC2 /* Release */ = {
			isa = XCBuildConfiguration;
			buildSettings = {
				ALWAYS_SEARCH_USER_PATHS = NO;
				CLANG_ANALYZER_NONNULL = YES;
				CLANG_CXX_LANGUAGE_STANDARD = "gnu++0x";
				CLANG_CXX_LIBRARY = "libc++";
				CLANG_ENABLE_MODULES = YES;
				CLANG_ENABLE_OBJC_ARC = YES;
				CLANG_WARN_BOOL_CONVERSION = YES;
				CLANG_WARN_CONSTANT_CONVERSION = YES;
				CLANG_WARN_DIRECT_OBJC_ISA_USAGE = YES_ERROR;
				CLANG_WARN_DOCUMENTATION_COMMENTS = YES;
				CLANG_WARN_EMPTY_BODY = YES;
				CLANG_WARN_ENUM_CONVERSION = YES;
				CLANG_WARN_INFINITE_RECURSION = YES;
				CLANG_WARN_INT_CONVERSION = YES;
				CLANG_WARN_OBJC_ROOT_CLASS = YES_ERROR;
				CLANG_WARN_SUSPICIOUS_MOVE = YES;
				CLANG_WARN_UNREACHABLE_CODE = YES;
				CLANG_WARN__DUPLICATE_METHOD_MATCH = YES;
				CODE_SIGN_IDENTITY = "-";
				COPY_PHASE_STRIP = NO;
				DEBUG_INFORMATION_FORMAT = "dwarf-with-dsym";
				ENABLE_NS_ASSERTIONS = NO;
				ENABLE_STRICT_OBJC_MSGSEND = YES;
				GCC_C_LANGUAGE_STANDARD = gnu99;
				GCC_NO_COMMON_BLOCKS = YES;
				GCC_WARN_64_TO_32_BIT_CONVERSION = YES;
				GCC_WARN_ABOUT_RETURN_TYPE = YES_ERROR;
				GCC_WARN_UNDECLARED_SELECTOR = YES;
				GCC_WARN_UNINITIALIZED_AUTOS = YES_AGGRESSIVE;
				GCC_WARN_UNUSED_FUNCTION = YES;
				GCC_WARN_UNUSED_VARIABLE = YES;
				MACOSX_DEPLOYMENT_TARGET = 10.12;
				MTL_ENABLE_DEBUG_INFO = NO;
				SDKROOT = macosx;
			};
			name = Release;
		};
		F68A0F711F0E9A2900629BC2 /* Debug */ = {
			isa = XCBuildConfiguration;
			buildSettings = {
				PRODUCT_NAME = "$(TARGET_NAME)";
				SWIFT_VERSION = 3.0;
			};
			name = Debug;
		};
		F68A0F721F0E9A2900629BC2 /* Release */ = {
			isa = XCBuildConfiguration;
			buildSettings = {
				PRODUCT_NAME = "$(TARGET_NAME)";
				SWIFT_VERSION = 3.0;
			};
			name = Release;
		};
/* End XCBuildConfiguration section */

/* Begin XCConfigurationList section */
		F68A0F641F0E9A2900629BC2 /* Build configuration list for PBXProject "MonsterTown" */ = {
			isa = XCConfigurationList;
			buildConfigurations = (
				F68A0F6E1F0E9A2900629BC2 /* Debug */,
				F68A0F6F1F0E9A2900629BC2 /* Release */,
			);
			defaultConfigurationIsVisible = 0;
			defaultConfigurationName = Release;
		};
		F68A0F701F0E9A2900629BC2 /* Build configuration list for PBXNativeTarget "MonsterTown" */ = {
			isa = XCConfigurationList;
			buildConfigurations = (
				F68A0F711F0E9A2900629BC2 /* Debug */,
				F68A0F721F0E9A2900629BC2 /* Release */,
			);
			defaultConfigurationIsVisible = 0;
			defaultConfigurationName = Release;
		};
/* End XCConfigurationList section */
	};
	rootObject = F68A0F611F0E9A2900629BC2 /* Project object */;
}
